{
  "object": {
    "pins": [
      {
        "package": "CarBode",
        "repositoryURL": "https://github.com/heart/CarBode-Barcode-Scanner-For-SwiftUI",
        "state": {
          "branch": null,
          "revision": "4c1c711ed29f1d7f7cda558c2dc90bfcb4a0f916",
          "version": "2.0.1"
        }
      },
      {
        "package": "GRDB",
        "repositoryURL": "https://github.com/groue/GRDB.swift.git",
        "state": {
          "branch": null,
          "revision": "948e91126a70ae703e5fe600ca3183161009bc4b",
          "version": "5.0.2"
        }
      },
      {
        "package": "SlickLoadingSpinner",
        "repositoryURL": "https://github.com/Hustenbonbon/SlickLoadingSpinner.git",
        "state": {
          "branch": null,
          "revision": "c1b125fabf245717df0a44655cd8a96b603ee55e",
          "version": "2.0.1"
        }
      },
      {
        "package": "TimelaneCombine",
        "repositoryURL": "https://github.com/icanzilb/TimelaneCombine",
        "state": {
          "branch": null,
          "revision": "e6837bcbb19332866d5e37d501c05d68fbf985f2",
          "version": "2.0.0"
        }
      },
      {
        "package": "TimelaneCore",
        "repositoryURL": "https://github.com/icanzilb/TimelaneCore",
        "state": {
          "branch": null,
          "revision": "1ce6992ee42d88590d38fe6dceae9b6e2a8f4919",
          "version": "2.0.0"
        }
      }
    ]
  },
  "version": 1
}
