// !$*UTF8*$!
{
	archiveVersion = 1;
	classes = {
	};
	objectVersion = 50;
	objects = {

/* Begin PBXBuildFile section */
		481FB4FB23E964C8003BD108 /* ProjectManager.swift in Sources */ = {isa = PBXBuildFile; fileRef = 481FB4FA23E964C8003BD108 /* ProjectManager.swift */; };
		481FB4FD23EAD78F003BD108 /* AddProjectModel.swift in Sources */ = {isa = PBXBuildFile; fileRef = 481FB4FC23EAD78F003BD108 /* AddProjectModel.swift */; };
		489995DA23F6EC6F008B7E38 /* AddProjectView.swift in Sources */ = {isa = PBXBuildFile; fileRef = 489995D923F6EC6F008B7E38 /* AddProjectView.swift */; };
		489D35FA23E081120029F59F /* Util.swift in Sources */ = {isa = PBXBuildFile; fileRef = 489D35F923E081120029F59F /* Util.swift */; };
		48CC8F7423F5C16D00DCE3D8 /* AddBillView.swift in Sources */ = {isa = PBXBuildFile; fileRef = 48CC8F7323F5C16D00DCE3D8 /* AddBillView.swift */; };
		48E7F75B2403FD6B000CE4E6 /* FancyButton.swift in Sources */ = {isa = PBXBuildFile; fileRef = 48E7F75A2403FD6B000CE4E6 /* FancyButton.swift */; };
		650059FC23DDE1C300D1D599 /* Person.swift in Sources */ = {isa = PBXBuildFile; fileRef = 650059FB23DDE1C300D1D599 /* Person.swift */; };
		65005A0223DDFB1A00D1D599 /* WhoPaidView.swift in Sources */ = {isa = PBXBuildFile; fileRef = 65005A0123DDFB1A00D1D599 /* WhoPaidView.swift */; };
		65005A0423DE0C5C00D1D599 /* BillList.swift in Sources */ = {isa = PBXBuildFile; fileRef = 65005A0323DE0C5C00D1D599 /* BillList.swift */; };
		650504A123FEA461000E5F9C /* PersonText.swift in Sources */ = {isa = PBXBuildFile; fileRef = 650504A023FEA461000E5F9C /* PersonText.swift */; };
		6533A02B23D888B100FF822B /* BillCell.swift in Sources */ = {isa = PBXBuildFile; fileRef = 6533A02A23D888B100FF822B /* BillCell.swift */; };
		65662A0323D7320000303207 /* AppDelegate.swift in Sources */ = {isa = PBXBuildFile; fileRef = 65662A0223D7320000303207 /* AppDelegate.swift */; };
		65662A0523D7320000303207 /* SceneDelegate.swift in Sources */ = {isa = PBXBuildFile; fileRef = 65662A0423D7320000303207 /* SceneDelegate.swift */; };
		65662A0723D7320000303207 /* ContentView.swift in Sources */ = {isa = PBXBuildFile; fileRef = 65662A0623D7320000303207 /* ContentView.swift */; };
		65662A0923D7320300303207 /* Assets.xcassets in Resources */ = {isa = PBXBuildFile; fileRef = 65662A0823D7320300303207 /* Assets.xcassets */; };
		65662A0C23D7320300303207 /* Preview Assets.xcassets in Resources */ = {isa = PBXBuildFile; fileRef = 65662A0B23D7320300303207 /* Preview Assets.xcassets */; };
		65662A0F23D7320300303207 /* LaunchScreen.storyboard in Resources */ = {isa = PBXBuildFile; fileRef = 65662A0D23D7320300303207 /* LaunchScreen.storyboard */; };
		65662A1923D7322B00303207 /* Bill.swift in Sources */ = {isa = PBXBuildFile; fileRef = 65662A1823D7322B00303207 /* Bill.swift */; };
		65662A1B23D733B700303207 /* NetworkService.swift in Sources */ = {isa = PBXBuildFile; fileRef = 65662A1A23D733B700303207 /* NetworkService.swift */; };
		65662A1D23D7353400303207 /* Server.swift in Sources */ = {isa = PBXBuildFile; fileRef = 65662A1C23D7353400303207 /* Server.swift */; };
		65662A2223D75C5F00303207 /* ProjectDetailView.swift in Sources */ = {isa = PBXBuildFile; fileRef = 65662A2123D75C5F00303207 /* ProjectDetailView.swift */; };
		65662A2423D83ED100303207 /* StorageService.swift in Sources */ = {isa = PBXBuildFile; fileRef = 65662A2323D83ED100303207 /* StorageService.swift */; };
		65662A2623D8546900303207 /* ProjectList.swift in Sources */ = {isa = PBXBuildFile; fileRef = 65662A2523D8546900303207 /* ProjectList.swift */; };
		656E8CB423D9C3DA00B3ED10 /* BillDetailView.swift in Sources */ = {isa = PBXBuildFile; fileRef = 656E8CB323D9C3DA00B3ED10 /* BillDetailView.swift */; };
		656E8CB623D9C88A00B3ED10 /* Project.swift in Sources */ = {isa = PBXBuildFile; fileRef = 656E8CB523D9C88A00B3ED10 /* Project.swift */; };
		656E8CB823D9FDA300B3ED10 /* BillListViewModel.swift in Sources */ = {isa = PBXBuildFile; fileRef = 656E8CB723D9FDA300B3ED10 /* BillListViewModel.swift */; };
		6591C8DD2403F84E0054BA24 /* PotentialOwersView.swift in Sources */ = {isa = PBXBuildFile; fileRef = 6591C8DC2403F84E0054BA24 /* PotentialOwersView.swift */; };
		6591C8DF2403F8740054BA24 /* PotentialOwersViewModel.swift in Sources */ = {isa = PBXBuildFile; fileRef = 6591C8DE2403F8740054BA24 /* PotentialOwersViewModel.swift */; };
		6591C8E12404109A0054BA24 /* BillDetailViewModel.swift in Sources */ = {isa = PBXBuildFile; fileRef = 6591C8E02404109A0054BA24 /* BillDetailViewModel.swift */; };
		6591C8E3240527750054BA24 /* PersonsView.swift in Sources */ = {isa = PBXBuildFile; fileRef = 6591C8E2240527750054BA24 /* PersonsView.swift */; };
		6591C8E524052C240054BA24 /* CommunicationIndicator.swift in Sources */ = {isa = PBXBuildFile; fileRef = 6591C8E424052C240054BA24 /* CommunicationIndicator.swift */; };
		6591C8E7240542250054BA24 /* LoadingDots.swift in Sources */ = {isa = PBXBuildFile; fileRef = 6591C8E6240542250054BA24 /* LoadingDots.swift */; };
		65C9E2CE23E1B8F500814B37 /* BalanceList.swift in Sources */ = {isa = PBXBuildFile; fileRef = 65C9E2CD23E1B8F500814B37 /* BalanceList.swift */; };
		65C9E2D023E1B96B00814B37 /* BalanceViewModel.swift in Sources */ = {isa = PBXBuildFile; fileRef = 65C9E2CF23E1B96B00814B37 /* BalanceViewModel.swift */; };
/* End PBXBuildFile section */

/* Begin PBXFileReference section */
		481FB4FA23E964C8003BD108 /* ProjectManager.swift */ = {isa = PBXFileReference; lastKnownFileType = sourcecode.swift; path = ProjectManager.swift; sourceTree = "<group>"; };
		481FB4FC23EAD78F003BD108 /* AddProjectModel.swift */ = {isa = PBXFileReference; lastKnownFileType = sourcecode.swift; path = AddProjectModel.swift; sourceTree = "<group>"; };
		489995D923F6EC6F008B7E38 /* AddProjectView.swift */ = {isa = PBXFileReference; lastKnownFileType = sourcecode.swift; path = AddProjectView.swift; sourceTree = "<group>"; };
		489D35F923E081120029F59F /* Util.swift */ = {isa = PBXFileReference; lastKnownFileType = sourcecode.swift; path = Util.swift; sourceTree = "<group>"; };
		48CC8F7323F5C16D00DCE3D8 /* AddBillView.swift */ = {isa = PBXFileReference; lastKnownFileType = sourcecode.swift; path = AddBillView.swift; sourceTree = "<group>"; };
		48E7F75A2403FD6B000CE4E6 /* FancyButton.swift */ = {isa = PBXFileReference; lastKnownFileType = sourcecode.swift; path = FancyButton.swift; sourceTree = "<group>"; };
		650059FB23DDE1C300D1D599 /* Person.swift */ = {isa = PBXFileReference; lastKnownFileType = sourcecode.swift; path = Person.swift; sourceTree = "<group>"; };
		65005A0123DDFB1A00D1D599 /* WhoPaidView.swift */ = {isa = PBXFileReference; lastKnownFileType = sourcecode.swift; path = WhoPaidView.swift; sourceTree = "<group>"; };
		65005A0323DE0C5C00D1D599 /* BillList.swift */ = {isa = PBXFileReference; lastKnownFileType = sourcecode.swift; path = BillList.swift; sourceTree = "<group>"; };
		650504A023FEA461000E5F9C /* PersonText.swift */ = {isa = PBXFileReference; lastKnownFileType = sourcecode.swift; path = PersonText.swift; sourceTree = "<group>"; };
		6533A02A23D888B100FF822B /* BillCell.swift */ = {isa = PBXFileReference; lastKnownFileType = sourcecode.swift; path = BillCell.swift; sourceTree = "<group>"; };
		656629FF23D7320000303207 /* PayForMe.app */ = {isa = PBXFileReference; explicitFileType = wrapper.application; includeInIndex = 0; path = PayForMe.app; sourceTree = BUILT_PRODUCTS_DIR; };
		65662A0223D7320000303207 /* AppDelegate.swift */ = {isa = PBXFileReference; lastKnownFileType = sourcecode.swift; path = AppDelegate.swift; sourceTree = "<group>"; };
		65662A0423D7320000303207 /* SceneDelegate.swift */ = {isa = PBXFileReference; lastKnownFileType = sourcecode.swift; path = SceneDelegate.swift; sourceTree = "<group>"; };
		65662A0623D7320000303207 /* ContentView.swift */ = {isa = PBXFileReference; lastKnownFileType = sourcecode.swift; path = ContentView.swift; sourceTree = "<group>"; };
		65662A0823D7320300303207 /* Assets.xcassets */ = {isa = PBXFileReference; lastKnownFileType = folder.assetcatalog; path = Assets.xcassets; sourceTree = "<group>"; };
		65662A0B23D7320300303207 /* Preview Assets.xcassets */ = {isa = PBXFileReference; lastKnownFileType = folder.assetcatalog; path = "Preview Assets.xcassets"; sourceTree = "<group>"; };
		65662A0E23D7320300303207 /* Base */ = {isa = PBXFileReference; lastKnownFileType = file.storyboard; name = Base; path = Base.lproj/LaunchScreen.storyboard; sourceTree = "<group>"; };
		65662A1023D7320300303207 /* Info.plist */ = {isa = PBXFileReference; lastKnownFileType = text.plist.xml; path = Info.plist; sourceTree = "<group>"; };
		65662A1823D7322B00303207 /* Bill.swift */ = {isa = PBXFileReference; lastKnownFileType = sourcecode.swift; path = Bill.swift; sourceTree = "<group>"; };
		65662A1A23D733B700303207 /* NetworkService.swift */ = {isa = PBXFileReference; lastKnownFileType = sourcecode.swift; path = NetworkService.swift; sourceTree = "<group>"; };
		65662A1C23D7353400303207 /* Server.swift */ = {isa = PBXFileReference; lastKnownFileType = sourcecode.swift; path = Server.swift; sourceTree = "<group>"; };
		65662A2123D75C5F00303207 /* ProjectDetailView.swift */ = {isa = PBXFileReference; lastKnownFileType = sourcecode.swift; path = ProjectDetailView.swift; sourceTree = "<group>"; };
		65662A2323D83ED100303207 /* StorageService.swift */ = {isa = PBXFileReference; lastKnownFileType = sourcecode.swift; path = StorageService.swift; sourceTree = "<group>"; };
		65662A2523D8546900303207 /* ProjectList.swift */ = {isa = PBXFileReference; lastKnownFileType = sourcecode.swift; path = ProjectList.swift; sourceTree = "<group>"; };
		656E8CB323D9C3DA00B3ED10 /* BillDetailView.swift */ = {isa = PBXFileReference; lastKnownFileType = sourcecode.swift; path = BillDetailView.swift; sourceTree = "<group>"; };
		656E8CB523D9C88A00B3ED10 /* Project.swift */ = {isa = PBXFileReference; lastKnownFileType = sourcecode.swift; path = Project.swift; sourceTree = "<group>"; };
		656E8CB723D9FDA300B3ED10 /* BillListViewModel.swift */ = {isa = PBXFileReference; lastKnownFileType = sourcecode.swift; path = BillListViewModel.swift; sourceTree = "<group>"; };
		6591C8DC2403F84E0054BA24 /* PotentialOwersView.swift */ = {isa = PBXFileReference; lastKnownFileType = sourcecode.swift; path = PotentialOwersView.swift; sourceTree = "<group>"; };
		6591C8DE2403F8740054BA24 /* PotentialOwersViewModel.swift */ = {isa = PBXFileReference; lastKnownFileType = sourcecode.swift; path = PotentialOwersViewModel.swift; sourceTree = "<group>"; };
		6591C8E02404109A0054BA24 /* BillDetailViewModel.swift */ = {isa = PBXFileReference; lastKnownFileType = sourcecode.swift; path = BillDetailViewModel.swift; sourceTree = "<group>"; };
		6591C8E2240527750054BA24 /* PersonsView.swift */ = {isa = PBXFileReference; lastKnownFileType = sourcecode.swift; path = PersonsView.swift; sourceTree = "<group>"; };
		6591C8E424052C240054BA24 /* CommunicationIndicator.swift */ = {isa = PBXFileReference; lastKnownFileType = sourcecode.swift; path = CommunicationIndicator.swift; sourceTree = "<group>"; };
		6591C8E6240542250054BA24 /* LoadingDots.swift */ = {isa = PBXFileReference; lastKnownFileType = sourcecode.swift; name = LoadingDots.swift; path = PayForMe/Views/LoadingDots.swift; sourceTree = SOURCE_ROOT; };
		65C9E2CD23E1B8F500814B37 /* BalanceList.swift */ = {isa = PBXFileReference; lastKnownFileType = sourcecode.swift; path = BalanceList.swift; sourceTree = "<group>"; };
		65C9E2CF23E1B96B00814B37 /* BalanceViewModel.swift */ = {isa = PBXFileReference; lastKnownFileType = sourcecode.swift; path = BalanceViewModel.swift; sourceTree = "<group>"; };
/* End PBXFileReference section */

/* Begin PBXFrameworksBuildPhase section */
		656629FC23D7320000303207 /* Frameworks */ = {
			isa = PBXFrameworksBuildPhase;
			buildActionMask = 2147483647;
			files = (
			);
			runOnlyForDeploymentPostprocessing = 0;
		};
/* End PBXFrameworksBuildPhase section */

/* Begin PBXGroup section */
		6533A02C23D88EF300FF822B /* Views */ = {
			isa = PBXGroup;
			children = (
				656913EB23F59A0300FA196E /* Balance */,
				6596D4E423ED9CBD0079DD5B /* BillList */,
				6596D4E323ED9C8B0079DD5B /* Projects */,
				6596D4E223ED9C520079DD5B /* BillDetail */,
				65662A0623D7320000303207 /* ContentView.swift */,
				650504A023FEA461000E5F9C /* PersonText.swift */,
				48E7F75A2403FD6B000CE4E6 /* FancyButton.swift */,
			);
			path = Views;
			sourceTree = "<group>";
		};
		656629F623D7320000303207 = {
			isa = PBXGroup;
			children = (
				65662A0123D7320000303207 /* PayForMe */,
				65662A0023D7320000303207 /* Products */,
			);
			sourceTree = "<group>";
		};
		65662A0023D7320000303207 /* Products */ = {
			isa = PBXGroup;
			children = (
				656629FF23D7320000303207 /* PayForMe.app */,
			);
			name = Products;
			sourceTree = "<group>";
		};
		65662A0123D7320000303207 /* PayForMe */ = {
			isa = PBXGroup;
			children = (
				6533A02C23D88EF300FF822B /* Views */,
				65662A1E23D7382500303207 /* ViewModel */,
				65662A1723D7321A00303207 /* Services */,
				65662A1623D7321100303207 /* Model */,
				65662A0423D7320000303207 /* SceneDelegate.swift */,
				65662A0823D7320300303207 /* Assets.xcassets */,
				65662A0D23D7320300303207 /* LaunchScreen.storyboard */,
				65662A1023D7320300303207 /* Info.plist */,
				65662A0A23D7320300303207 /* Preview Content */,
				489D35F923E081120029F59F /* Util.swift */,
			);
			path = PayForMe;
			sourceTree = "<group>";
		};
		65662A0A23D7320300303207 /* Preview Content */ = {
			isa = PBXGroup;
			children = (
				65662A0B23D7320300303207 /* Preview Assets.xcassets */,
			);
			path = "Preview Content";
			sourceTree = "<group>";
		};
		65662A1623D7321100303207 /* Model */ = {
			isa = PBXGroup;
			children = (
				656E8CB523D9C88A00B3ED10 /* Project.swift */,
				65662A1823D7322B00303207 /* Bill.swift */,
				65662A1C23D7353400303207 /* Server.swift */,
				65662A0223D7320000303207 /* AppDelegate.swift */,
				650059FB23DDE1C300D1D599 /* Person.swift */,
			);
			path = Model;
			sourceTree = "<group>";
		};
		65662A1723D7321A00303207 /* Services */ = {
			isa = PBXGroup;
			children = (
				65662A1A23D733B700303207 /* NetworkService.swift */,
				65662A2323D83ED100303207 /* StorageService.swift */,
				481FB4FA23E964C8003BD108 /* ProjectManager.swift */,
			);
			path = Services;
			sourceTree = "<group>";
		};
		65662A1E23D7382500303207 /* ViewModel */ = {
			isa = PBXGroup;
			children = (
				656E8CB723D9FDA300B3ED10 /* BillListViewModel.swift */,
				65C9E2CF23E1B96B00814B37 /* BalanceViewModel.swift */,
			);
			path = ViewModel;
			sourceTree = "<group>";
		};
		656913EB23F59A0300FA196E /* Balance */ = {
			isa = PBXGroup;
			children = (
				65C9E2CD23E1B8F500814B37 /* BalanceList.swift */,
			);
			path = Balance;
			sourceTree = "<group>";
		};
		6596D4E223ED9C520079DD5B /* BillDetail */ = {
			isa = PBXGroup;
			children = (
				65005A0123DDFB1A00D1D599 /* WhoPaidView.swift */,
				656E8CB323D9C3DA00B3ED10 /* BillDetailView.swift */,
				6591C8E424052C240054BA24 /* CommunicationIndicator.swift */,
				6591C8E02404109A0054BA24 /* BillDetailViewModel.swift */,
				6591C8DC2403F84E0054BA24 /* PotentialOwersView.swift */,
				6591C8DE2403F8740054BA24 /* PotentialOwersViewModel.swift */,
				48CC8F7323F5C16D00DCE3D8 /* AddBillView.swift */,
			);
			path = BillDetail;
			sourceTree = "<group>";
		};
		6596D4E323ED9C8B0079DD5B /* Projects */ = {
			isa = PBXGroup;
			children = (
				481FB4FC23EAD78F003BD108 /* AddProjectModel.swift */,
				65662A2523D8546900303207 /* ProjectList.swift */,
				489995D923F6EC6F008B7E38 /* AddProjectView.swift */,
				65662A2123D75C5F00303207 /* ProjectDetailView.swift */,
			);
			path = Projects;
			sourceTree = "<group>";
		};
		6596D4E423ED9CBD0079DD5B /* BillList */ = {
			isa = PBXGroup;
			children = (
				65005A0323DE0C5C00D1D599 /* BillList.swift */,
				6533A02A23D888B100FF822B /* BillCell.swift */,
				6591C8E6240542250054BA24 /* LoadingDots.swift */,
				6591C8E2240527750054BA24 /* PersonsView.swift */,
			);
			path = BillList;
			sourceTree = "<group>";
		};
/* End PBXGroup section */

/* Begin PBXNativeTarget section */
		656629FE23D7320000303207 /* PayForMe */ = {
			isa = PBXNativeTarget;
			buildConfigurationList = 65662A1323D7320300303207 /* Build configuration list for PBXNativeTarget "PayForMe" */;
			buildPhases = (
				656629FB23D7320000303207 /* Sources */,
				656629FC23D7320000303207 /* Frameworks */,
				656629FD23D7320000303207 /* Resources */,
			);
			buildRules = (
			);
			dependencies = (
			);
			name = PayForMe;
			packageProductDependencies = (
			);
			productName = iCospend;
			productReference = 656629FF23D7320000303207 /* PayForMe.app */;
			productType = "com.apple.product-type.application";
		};
/* End PBXNativeTarget section */

/* Begin PBXProject section */
		656629F723D7320000303207 /* Project object */ = {
			isa = PBXProject;
			attributes = {
				LastSwiftUpdateCheck = 1130;
				LastUpgradeCheck = 1130;
				ORGANIZATIONNAME = "Mayflower GmbH";
				TargetAttributes = {
					656629FE23D7320000303207 = {
						CreatedOnToolsVersion = 11.3.1;
					};
				};
			};
			buildConfigurationList = 656629FA23D7320000303207 /* Build configuration list for PBXProject "PayForMe" */;
			compatibilityVersion = "Xcode 9.3";
			developmentRegion = en;
			hasScannedForEncodings = 0;
			knownRegions = (
				en,
				Base,
			);
			mainGroup = 656629F623D7320000303207;
			packageReferences = (
			);
			productRefGroup = 65662A0023D7320000303207 /* Products */;
			projectDirPath = "";
			projectRoot = "";
			targets = (
				656629FE23D7320000303207 /* PayForMe */,
			);
		};
/* End PBXProject section */

/* Begin PBXResourcesBuildPhase section */
		656629FD23D7320000303207 /* Resources */ = {
			isa = PBXResourcesBuildPhase;
			buildActionMask = 2147483647;
			files = (
				65662A0F23D7320300303207 /* LaunchScreen.storyboard in Resources */,
				65662A0C23D7320300303207 /* Preview Assets.xcassets in Resources */,
				65662A0923D7320300303207 /* Assets.xcassets in Resources */,
			);
			runOnlyForDeploymentPostprocessing = 0;
		};
/* End PBXResourcesBuildPhase section */

/* Begin PBXSourcesBuildPhase section */
		656629FB23D7320000303207 /* Sources */ = {
			isa = PBXSourcesBuildPhase;
			buildActionMask = 2147483647;
			files = (
				656E8CB423D9C3DA00B3ED10 /* BillDetailView.swift in Sources */,
				481FB4FB23E964C8003BD108 /* ProjectManager.swift in Sources */,
				65662A1923D7322B00303207 /* Bill.swift in Sources */,
				48CC8F7423F5C16D00DCE3D8 /* AddBillView.swift in Sources */,
				65662A1B23D733B700303207 /* NetworkService.swift in Sources */,
				6591C8E3240527750054BA24 /* PersonsView.swift in Sources */,
				65C9E2CE23E1B8F500814B37 /* BalanceList.swift in Sources */,
				650059FC23DDE1C300D1D599 /* Person.swift in Sources */,
				65662A0323D7320000303207 /* AppDelegate.swift in Sources */,
				6533A02B23D888B100FF822B /* BillCell.swift in Sources */,
				489D35FA23E081120029F59F /* Util.swift in Sources */,
				489995DA23F6EC6F008B7E38 /* AddProjectView.swift in Sources */,
				6591C8E524052C240054BA24 /* CommunicationIndicator.swift in Sources */,
				65662A0523D7320000303207 /* SceneDelegate.swift in Sources */,
				6591C8DD2403F84E0054BA24 /* PotentialOwersView.swift in Sources */,
				656E8CB623D9C88A00B3ED10 /* Project.swift in Sources */,
				6591C8E12404109A0054BA24 /* BillDetailViewModel.swift in Sources */,
				650504A123FEA461000E5F9C /* PersonText.swift in Sources */,
				65662A2223D75C5F00303207 /* ProjectDetailView.swift in Sources */,
				6591C8E7240542250054BA24 /* LoadingDots.swift in Sources */,
				65662A2623D8546900303207 /* ProjectList.swift in Sources */,
				65005A0423DE0C5C00D1D599 /* BillList.swift in Sources */,
				6591C8DF2403F8740054BA24 /* PotentialOwersViewModel.swift in Sources */,
				65662A1D23D7353400303207 /* Server.swift in Sources */,
				48E7F75B2403FD6B000CE4E6 /* FancyButton.swift in Sources */,
				481FB4FD23EAD78F003BD108 /* AddProjectModel.swift in Sources */,
				65662A2423D83ED100303207 /* StorageService.swift in Sources */,
				656E8CB823D9FDA300B3ED10 /* BillListViewModel.swift in Sources */,
				65C9E2D023E1B96B00814B37 /* BalanceViewModel.swift in Sources */,
				65662A0723D7320000303207 /* ContentView.swift in Sources */,
				65005A0223DDFB1A00D1D599 /* WhoPaidView.swift in Sources */,
			);
			runOnlyForDeploymentPostprocessing = 0;
		};
/* End PBXSourcesBuildPhase section */

/* Begin PBXVariantGroup section */
		65662A0D23D7320300303207 /* LaunchScreen.storyboard */ = {
			isa = PBXVariantGroup;
			children = (
				65662A0E23D7320300303207 /* Base */,
			);
			name = LaunchScreen.storyboard;
			sourceTree = "<group>";
		};
/* End PBXVariantGroup section */

/* Begin XCBuildConfiguration section */
		65662A1123D7320300303207 /* Debug */ = {
			isa = XCBuildConfiguration;
			buildSettings = {
				ALWAYS_SEARCH_USER_PATHS = NO;
				CLANG_ANALYZER_NONNULL = YES;
				CLANG_ANALYZER_NUMBER_OBJECT_CONVERSION = YES_AGGRESSIVE;
				CLANG_CXX_LANGUAGE_STANDARD = "gnu++14";
				CLANG_CXX_LIBRARY = "libc++";
				CLANG_ENABLE_MODULES = YES;
				CLANG_ENABLE_OBJC_ARC = YES;
				CLANG_ENABLE_OBJC_WEAK = YES;
				CLANG_WARN_BLOCK_CAPTURE_AUTORELEASING = YES;
				CLANG_WARN_BOOL_CONVERSION = YES;
				CLANG_WARN_COMMA = YES;
				CLANG_WARN_CONSTANT_CONVERSION = YES;
				CLANG_WARN_DEPRECATED_OBJC_IMPLEMENTATIONS = YES;
				CLANG_WARN_DIRECT_OBJC_ISA_USAGE = YES_ERROR;
				CLANG_WARN_DOCUMENTATION_COMMENTS = YES;
				CLANG_WARN_EMPTY_BODY = YES;
				CLANG_WARN_ENUM_CONVERSION = YES;
				CLANG_WARN_INFINITE_RECURSION = YES;
				CLANG_WARN_INT_CONVERSION = YES;
				CLANG_WARN_NON_LITERAL_NULL_CONVERSION = YES;
				CLANG_WARN_OBJC_IMPLICIT_RETAIN_SELF = YES;
				CLANG_WARN_OBJC_LITERAL_CONVERSION = YES;
				CLANG_WARN_OBJC_ROOT_CLASS = YES_ERROR;
				CLANG_WARN_RANGE_LOOP_ANALYSIS = YES;
				CLANG_WARN_STRICT_PROTOTYPES = YES;
				CLANG_WARN_SUSPICIOUS_MOVE = YES;
				CLANG_WARN_UNGUARDED_AVAILABILITY = YES_AGGRESSIVE;
				CLANG_WARN_UNREACHABLE_CODE = YES;
				CLANG_WARN__DUPLICATE_METHOD_MATCH = YES;
				COPY_PHASE_STRIP = NO;
				DEBUG_INFORMATION_FORMAT = dwarf;
				ENABLE_STRICT_OBJC_MSGSEND = YES;
				ENABLE_TESTABILITY = YES;
				GCC_C_LANGUAGE_STANDARD = gnu11;
				GCC_DYNAMIC_NO_PIC = NO;
				GCC_NO_COMMON_BLOCKS = YES;
				GCC_OPTIMIZATION_LEVEL = 0;
				GCC_PREPROCESSOR_DEFINITIONS = (
					"DEBUG=1",
					"$(inherited)",
				);
				GCC_WARN_64_TO_32_BIT_CONVERSION = YES;
				GCC_WARN_ABOUT_RETURN_TYPE = YES_ERROR;
				GCC_WARN_UNDECLARED_SELECTOR = YES;
				GCC_WARN_UNINITIALIZED_AUTOS = YES_AGGRESSIVE;
				GCC_WARN_UNUSED_FUNCTION = YES;
				GCC_WARN_UNUSED_VARIABLE = YES;
				IPHONEOS_DEPLOYMENT_TARGET = 13.2;
				MTL_ENABLE_DEBUG_INFO = INCLUDE_SOURCE;
				MTL_FAST_MATH = YES;
				ONLY_ACTIVE_ARCH = YES;
				SDKROOT = iphoneos;
				SWIFT_ACTIVE_COMPILATION_CONDITIONS = DEBUG;
				SWIFT_OPTIMIZATION_LEVEL = "-Onone";
			};
			name = Debug;
		};
		65662A1223D7320300303207 /* Release */ = {
			isa = XCBuildConfiguration;
			buildSettings = {
				ALWAYS_SEARCH_USER_PATHS = NO;
				CLANG_ANALYZER_NONNULL = YES;
				CLANG_ANALYZER_NUMBER_OBJECT_CONVERSION = YES_AGGRESSIVE;
				CLANG_CXX_LANGUAGE_STANDARD = "gnu++14";
				CLANG_CXX_LIBRARY = "libc++";
				CLANG_ENABLE_MODULES = YES;
				CLANG_ENABLE_OBJC_ARC = YES;
				CLANG_ENABLE_OBJC_WEAK = YES;
				CLANG_WARN_BLOCK_CAPTURE_AUTORELEASING = YES;
				CLANG_WARN_BOOL_CONVERSION = YES;
				CLANG_WARN_COMMA = YES;
				CLANG_WARN_CONSTANT_CONVERSION = YES;
				CLANG_WARN_DEPRECATED_OBJC_IMPLEMENTATIONS = YES;
				CLANG_WARN_DIRECT_OBJC_ISA_USAGE = YES_ERROR;
				CLANG_WARN_DOCUMENTATION_COMMENTS = YES;
				CLANG_WARN_EMPTY_BODY = YES;
				CLANG_WARN_ENUM_CONVERSION = YES;
				CLANG_WARN_INFINITE_RECURSION = YES;
				CLANG_WARN_INT_CONVERSION = YES;
				CLANG_WARN_NON_LITERAL_NULL_CONVERSION = YES;
				CLANG_WARN_OBJC_IMPLICIT_RETAIN_SELF = YES;
				CLANG_WARN_OBJC_LITERAL_CONVERSION = YES;
				CLANG_WARN_OBJC_ROOT_CLASS = YES_ERROR;
				CLANG_WARN_RANGE_LOOP_ANALYSIS = YES;
				CLANG_WARN_STRICT_PROTOTYPES = YES;
				CLANG_WARN_SUSPICIOUS_MOVE = YES;
				CLANG_WARN_UNGUARDED_AVAILABILITY = YES_AGGRESSIVE;
				CLANG_WARN_UNREACHABLE_CODE = YES;
				CLANG_WARN__DUPLICATE_METHOD_MATCH = YES;
				COPY_PHASE_STRIP = NO;
				DEBUG_INFORMATION_FORMAT = "dwarf-with-dsym";
				ENABLE_NS_ASSERTIONS = NO;
				ENABLE_STRICT_OBJC_MSGSEND = YES;
				GCC_C_LANGUAGE_STANDARD = gnu11;
				GCC_NO_COMMON_BLOCKS = YES;
				GCC_WARN_64_TO_32_BIT_CONVERSION = YES;
				GCC_WARN_ABOUT_RETURN_TYPE = YES_ERROR;
				GCC_WARN_UNDECLARED_SELECTOR = YES;
				GCC_WARN_UNINITIALIZED_AUTOS = YES_AGGRESSIVE;
				GCC_WARN_UNUSED_FUNCTION = YES;
				GCC_WARN_UNUSED_VARIABLE = YES;
				IPHONEOS_DEPLOYMENT_TARGET = 13.2;
				MTL_ENABLE_DEBUG_INFO = NO;
				MTL_FAST_MATH = YES;
				SDKROOT = iphoneos;
				SWIFT_COMPILATION_MODE = wholemodule;
				SWIFT_OPTIMIZATION_LEVEL = "-O";
				VALIDATE_PRODUCT = YES;
			};
			name = Release;
		};
		65662A1423D7320300303207 /* Debug */ = {
			isa = XCBuildConfiguration;
			buildSettings = {
				ASSETCATALOG_COMPILER_APPICON_NAME = AppIcon;
				CODE_SIGN_STYLE = Automatic;
				CURRENT_PROJECT_VERSION = 31;
				DEVELOPMENT_ASSET_PATHS = "\"PayForMe/Preview Content\"";
				DEVELOPMENT_TEAM = L79BTFY6FV;
				ENABLE_PREVIEWS = YES;
				INFOPLIST_FILE = PayForMe/Info.plist;
				IPHONEOS_DEPLOYMENT_TARGET = 13.1;
				LD_RUNPATH_SEARCH_PATHS = (
					"$(inherited)",
					"@executable_path/Frameworks",
				);
				MARKETING_VERSION = 1.3;
				PRODUCT_BUNDLE_IDENTIFIER = de.mayflower.PayForMe;
				PRODUCT_NAME = PayForMe;
				SWIFT_VERSION = 5.0;
				TARGETED_DEVICE_FAMILY = 1;
			};
			name = Debug;
		};
		65662A1523D7320300303207 /* Release */ = {
			isa = XCBuildConfiguration;
			buildSettings = {
				ASSETCATALOG_COMPILER_APPICON_NAME = AppIcon;
				CODE_SIGN_STYLE = Automatic;
				CURRENT_PROJECT_VERSION = 31;
				DEVELOPMENT_ASSET_PATHS = "\"PayForMe/Preview Content\"";
				DEVELOPMENT_TEAM = L79BTFY6FV;
				ENABLE_PREVIEWS = YES;
				INFOPLIST_FILE = PayForMe/Info.plist;
				IPHONEOS_DEPLOYMENT_TARGET = 13.1;
				LD_RUNPATH_SEARCH_PATHS = (
					"$(inherited)",
					"@executable_path/Frameworks",
				);
				MARKETING_VERSION = 1.3;
				PRODUCT_BUNDLE_IDENTIFIER = de.mayflower.PayForMe;
				PRODUCT_NAME = PayForMe;
				SWIFT_VERSION = 5.0;
				TARGETED_DEVICE_FAMILY = 1;
			};
			name = Release;
		};
/* End XCBuildConfiguration section */

/* Begin XCConfigurationList section */
		656629FA23D7320000303207 /* Build configuration list for PBXProject "PayForMe" */ = {
			isa = XCConfigurationList;
			buildConfigurations = (
				65662A1123D7320300303207 /* Debug */,
				65662A1223D7320300303207 /* Release */,
			);
			defaultConfigurationIsVisible = 0;
			defaultConfigurationName = Release;
		};
		65662A1323D7320300303207 /* Build configuration list for PBXNativeTarget "PayForMe" */ = {
			isa = XCConfigurationList;
			buildConfigurations = (
				65662A1423D7320300303207 /* Debug */,
				65662A1523D7320300303207 /* Release */,
			);
			defaultConfigurationIsVisible = 0;
			defaultConfigurationName = Release;
		};
/* End XCConfigurationList section */
	};
	rootObject = 656629F723D7320000303207 /* Project object */;
}
