// !$*UTF8*$!
{
	archiveVersion = 1;
	classes = {
	};
	objectVersion = 50;
	objects = {

/* Begin PBXBuildFile section */
		650059FC23DDE1C300D1D599 /* Person.swift in Sources */ = {isa = PBXBuildFile; fileRef = 650059FB23DDE1C300D1D599 /* Person.swift */; };
		650059FE23DDE7FE00D1D599 /* Ower.swift in Sources */ = {isa = PBXBuildFile; fileRef = 650059FD23DDE7FE00D1D599 /* Ower.swift */; };
		65005A0223DDFB1A00D1D599 /* WhoPaidView.swift in Sources */ = {isa = PBXBuildFile; fileRef = 65005A0123DDFB1A00D1D599 /* WhoPaidView.swift */; };
		65005A0423DE0C5C00D1D599 /* BillsList.swift in Sources */ = {isa = PBXBuildFile; fileRef = 65005A0323DE0C5C00D1D599 /* BillsList.swift */; };
		6533A02723D871C700FF822B /* ServerCell.swift in Sources */ = {isa = PBXBuildFile; fileRef = 6533A02623D871C700FF822B /* ServerCell.swift */; };
		6533A02923D87B9D00FF822B /* BillsOverview.swift in Sources */ = {isa = PBXBuildFile; fileRef = 6533A02823D87B9D00FF822B /* BillsOverview.swift */; };
		6533A02B23D888B100FF822B /* BillCell.swift in Sources */ = {isa = PBXBuildFile; fileRef = 6533A02A23D888B100FF822B /* BillCell.swift */; };
		65662A0323D7320000303207 /* AppDelegate.swift in Sources */ = {isa = PBXBuildFile; fileRef = 65662A0223D7320000303207 /* AppDelegate.swift */; };
		65662A0523D7320000303207 /* SceneDelegate.swift in Sources */ = {isa = PBXBuildFile; fileRef = 65662A0423D7320000303207 /* SceneDelegate.swift */; };
		65662A0723D7320000303207 /* ContentView.swift in Sources */ = {isa = PBXBuildFile; fileRef = 65662A0623D7320000303207 /* ContentView.swift */; };
		65662A0923D7320300303207 /* Assets.xcassets in Resources */ = {isa = PBXBuildFile; fileRef = 65662A0823D7320300303207 /* Assets.xcassets */; };
		65662A0C23D7320300303207 /* Preview Assets.xcassets in Resources */ = {isa = PBXBuildFile; fileRef = 65662A0B23D7320300303207 /* Preview Assets.xcassets */; };
		65662A0F23D7320300303207 /* LaunchScreen.storyboard in Resources */ = {isa = PBXBuildFile; fileRef = 65662A0D23D7320300303207 /* LaunchScreen.storyboard */; };
		65662A1923D7322B00303207 /* Bill.swift in Sources */ = {isa = PBXBuildFile; fileRef = 65662A1823D7322B00303207 /* Bill.swift */; };
		65662A1B23D733B700303207 /* CospendNetworkService.swift in Sources */ = {isa = PBXBuildFile; fileRef = 65662A1A23D733B700303207 /* CospendNetworkService.swift */; };
		65662A1D23D7353400303207 /* Server.swift in Sources */ = {isa = PBXBuildFile; fileRef = 65662A1C23D7353400303207 /* Server.swift */; };
		65662A2023D7389600303207 /* ServerManager.swift in Sources */ = {isa = PBXBuildFile; fileRef = 65662A1F23D7389600303207 /* ServerManager.swift */; };
		65662A2223D75C5F00303207 /* OnboardingView.swift in Sources */ = {isa = PBXBuildFile; fileRef = 65662A2123D75C5F00303207 /* OnboardingView.swift */; };
		65662A2423D83ED100303207 /* StorageService.swift in Sources */ = {isa = PBXBuildFile; fileRef = 65662A2323D83ED100303207 /* StorageService.swift */; };
		65662A2623D8546900303207 /* ServerList.swift in Sources */ = {isa = PBXBuildFile; fileRef = 65662A2523D8546900303207 /* ServerList.swift */; };
		656E8CB423D9C3DA00B3ED10 /* AddBillView.swift in Sources */ = {isa = PBXBuildFile; fileRef = 656E8CB323D9C3DA00B3ED10 /* AddBillView.swift */; };
		656E8CB623D9C88A00B3ED10 /* Project.swift in Sources */ = {isa = PBXBuildFile; fileRef = 656E8CB523D9C88A00B3ED10 /* Project.swift */; };
		656E8CB823D9FDA300B3ED10 /* BillListViewModel.swift in Sources */ = {isa = PBXBuildFile; fileRef = 656E8CB723D9FDA300B3ED10 /* BillListViewModel.swift */; };
/* End PBXBuildFile section */

/* Begin PBXFileReference section */
		650059FB23DDE1C300D1D599 /* Person.swift */ = {isa = PBXFileReference; lastKnownFileType = sourcecode.swift; path = Person.swift; sourceTree = "<group>"; };
		650059FD23DDE7FE00D1D599 /* Ower.swift */ = {isa = PBXFileReference; lastKnownFileType = sourcecode.swift; path = Ower.swift; sourceTree = "<group>"; };
		65005A0123DDFB1A00D1D599 /* WhoPaidView.swift */ = {isa = PBXFileReference; lastKnownFileType = sourcecode.swift; name = WhoPaidView.swift; path = iWontPayAnyway/Views/WhoPaidView.swift; sourceTree = "<group>"; };
		65005A0323DE0C5C00D1D599 /* BillsList.swift */ = {isa = PBXFileReference; lastKnownFileType = sourcecode.swift; path = BillsList.swift; sourceTree = "<group>"; };
		6533A02623D871C700FF822B /* ServerCell.swift */ = {isa = PBXFileReference; lastKnownFileType = sourcecode.swift; path = ServerCell.swift; sourceTree = "<group>"; };
		6533A02823D87B9D00FF822B /* BillsOverview.swift */ = {isa = PBXFileReference; lastKnownFileType = sourcecode.swift; path = BillsOverview.swift; sourceTree = "<group>"; };
		6533A02A23D888B100FF822B /* BillCell.swift */ = {isa = PBXFileReference; lastKnownFileType = sourcecode.swift; path = BillCell.swift; sourceTree = "<group>"; };
		656629FF23D7320000303207 /* iWontPayAnyway.app */ = {isa = PBXFileReference; explicitFileType = wrapper.application; includeInIndex = 0; path = iWontPayAnyway.app; sourceTree = BUILT_PRODUCTS_DIR; };
		65662A0223D7320000303207 /* AppDelegate.swift */ = {isa = PBXFileReference; lastKnownFileType = sourcecode.swift; path = AppDelegate.swift; sourceTree = "<group>"; };
		65662A0423D7320000303207 /* SceneDelegate.swift */ = {isa = PBXFileReference; lastKnownFileType = sourcecode.swift; path = SceneDelegate.swift; sourceTree = "<group>"; };
		65662A0623D7320000303207 /* ContentView.swift */ = {isa = PBXFileReference; lastKnownFileType = sourcecode.swift; path = ContentView.swift; sourceTree = "<group>"; };
		65662A0823D7320300303207 /* Assets.xcassets */ = {isa = PBXFileReference; lastKnownFileType = folder.assetcatalog; path = Assets.xcassets; sourceTree = "<group>"; };
		65662A0B23D7320300303207 /* Preview Assets.xcassets */ = {isa = PBXFileReference; lastKnownFileType = folder.assetcatalog; path = "Preview Assets.xcassets"; sourceTree = "<group>"; };
		65662A0E23D7320300303207 /* Base */ = {isa = PBXFileReference; lastKnownFileType = file.storyboard; name = Base; path = Base.lproj/LaunchScreen.storyboard; sourceTree = "<group>"; };
		65662A1023D7320300303207 /* Info.plist */ = {isa = PBXFileReference; lastKnownFileType = text.plist.xml; path = Info.plist; sourceTree = "<group>"; };
		65662A1823D7322B00303207 /* Bill.swift */ = {isa = PBXFileReference; lastKnownFileType = sourcecode.swift; path = Bill.swift; sourceTree = "<group>"; };
		65662A1A23D733B700303207 /* CospendNetworkService.swift */ = {isa = PBXFileReference; lastKnownFileType = sourcecode.swift; path = CospendNetworkService.swift; sourceTree = "<group>"; };
		65662A1C23D7353400303207 /* Server.swift */ = {isa = PBXFileReference; lastKnownFileType = sourcecode.swift; path = Server.swift; sourceTree = "<group>"; };
		65662A1F23D7389600303207 /* ServerManager.swift */ = {isa = PBXFileReference; lastKnownFileType = sourcecode.swift; path = ServerManager.swift; sourceTree = "<group>"; };
		65662A2123D75C5F00303207 /* OnboardingView.swift */ = {isa = PBXFileReference; lastKnownFileType = sourcecode.swift; path = OnboardingView.swift; sourceTree = "<group>"; };
		65662A2323D83ED100303207 /* StorageService.swift */ = {isa = PBXFileReference; lastKnownFileType = sourcecode.swift; path = StorageService.swift; sourceTree = "<group>"; };
		65662A2523D8546900303207 /* ServerList.swift */ = {isa = PBXFileReference; lastKnownFileType = sourcecode.swift; path = ServerList.swift; sourceTree = "<group>"; };
		656E8CB323D9C3DA00B3ED10 /* AddBillView.swift */ = {isa = PBXFileReference; lastKnownFileType = sourcecode.swift; path = AddBillView.swift; sourceTree = "<group>"; };
		656E8CB523D9C88A00B3ED10 /* Project.swift */ = {isa = PBXFileReference; lastKnownFileType = sourcecode.swift; path = Project.swift; sourceTree = "<group>"; };
		656E8CB723D9FDA300B3ED10 /* BillListViewModel.swift */ = {isa = PBXFileReference; lastKnownFileType = sourcecode.swift; path = BillListViewModel.swift; sourceTree = "<group>"; };
/* End PBXFileReference section */

/* Begin PBXFrameworksBuildPhase section */
		656629FC23D7320000303207 /* Frameworks */ = {
			isa = PBXFrameworksBuildPhase;
			buildActionMask = 2147483647;
			files = (
			);
			runOnlyForDeploymentPostprocessing = 0;
		};
/* End PBXFrameworksBuildPhase section */

/* Begin PBXGroup section */
		6533A02C23D88EF300FF822B /* Views */ = {
			isa = PBXGroup;
			children = (
				6533A02A23D888B100FF822B /* BillCell.swift */,
				65662A2523D8546900303207 /* ServerList.swift */,
				6533A02623D871C700FF822B /* ServerCell.swift */,
				65662A0623D7320000303207 /* ContentView.swift */,
				65662A2123D75C5F00303207 /* OnboardingView.swift */,
				6533A02823D87B9D00FF822B /* BillsOverview.swift */,
				65005A0323DE0C5C00D1D599 /* BillsList.swift */,
				656E8CB323D9C3DA00B3ED10 /* AddBillView.swift */,
			);
			path = Views;
			sourceTree = "<group>";
		};
		656629F623D7320000303207 = {
			isa = PBXGroup;
			children = (
				65005A0123DDFB1A00D1D599 /* WhoPaidView.swift */,
				65662A0123D7320000303207 /* iWontPayAnyway */,
				65662A0023D7320000303207 /* Products */,
			);
			sourceTree = "<group>";
		};
		65662A0023D7320000303207 /* Products */ = {
			isa = PBXGroup;
			children = (
				656629FF23D7320000303207 /* iWontPayAnyway.app */,
			);
			name = Products;
			sourceTree = "<group>";
		};
		65662A0123D7320000303207 /* iWontPayAnyway */ = {
			isa = PBXGroup;
			children = (
				6533A02C23D88EF300FF822B /* Views */,
				65662A1E23D7382500303207 /* ViewModel */,
				65662A1723D7321A00303207 /* Services */,
				65662A1623D7321100303207 /* Model */,
				65662A0423D7320000303207 /* SceneDelegate.swift */,
				65662A0823D7320300303207 /* Assets.xcassets */,
				65662A0D23D7320300303207 /* LaunchScreen.storyboard */,
				65662A1023D7320300303207 /* Info.plist */,
				65662A0A23D7320300303207 /* Preview Content */,
			);
			path = iWontPayAnyway;
			sourceTree = "<group>";
		};
		65662A0A23D7320300303207 /* Preview Content */ = {
			isa = PBXGroup;
			children = (
				65662A0B23D7320300303207 /* Preview Assets.xcassets */,
			);
			path = "Preview Content";
			sourceTree = "<group>";
		};
		65662A1623D7321100303207 /* Model */ = {
			isa = PBXGroup;
			children = (
				650059FD23DDE7FE00D1D599 /* Ower.swift */,
				656E8CB523D9C88A00B3ED10 /* Project.swift */,
				65662A1823D7322B00303207 /* Bill.swift */,
				65662A1C23D7353400303207 /* Server.swift */,
				65662A0223D7320000303207 /* AppDelegate.swift */,
				650059FB23DDE1C300D1D599 /* Person.swift */,
			);
			path = Model;
			sourceTree = "<group>";
		};
		65662A1723D7321A00303207 /* Services */ = {
			isa = PBXGroup;
			children = (
				65662A1A23D733B700303207 /* CospendNetworkService.swift */,
				65662A2323D83ED100303207 /* StorageService.swift */,
			);
			path = Services;
			sourceTree = "<group>";
		};
		65662A1E23D7382500303207 /* ViewModel */ = {
			isa = PBXGroup;
			children = (
				65662A1F23D7389600303207 /* ServerManager.swift */,
				656E8CB723D9FDA300B3ED10 /* BillListViewModel.swift */,
			);
			path = ViewModel;
			sourceTree = "<group>";
		};
/* End PBXGroup section */

/* Begin PBXNativeTarget section */
		656629FE23D7320000303207 /* iWontPayAnyway */ = {
			isa = PBXNativeTarget;
			buildConfigurationList = 65662A1323D7320300303207 /* Build configuration list for PBXNativeTarget "iWontPayAnyway" */;
			buildPhases = (
				656629FB23D7320000303207 /* Sources */,
				656629FC23D7320000303207 /* Frameworks */,
				656629FD23D7320000303207 /* Resources */,
			);
			buildRules = (
			);
			dependencies = (
			);
			name = iWontPayAnyway;
			productName = iCospend;
			productReference = 656629FF23D7320000303207 /* iWontPayAnyway.app */;
			productType = "com.apple.product-type.application";
		};
/* End PBXNativeTarget section */

/* Begin PBXProject section */
		656629F723D7320000303207 /* Project object */ = {
			isa = PBXProject;
			attributes = {
				LastSwiftUpdateCheck = 1130;
				LastUpgradeCheck = 1130;
				ORGANIZATIONNAME = "Mayflower GmbH";
				TargetAttributes = {
					656629FE23D7320000303207 = {
						CreatedOnToolsVersion = 11.3.1;
					};
				};
			};
			buildConfigurationList = 656629FA23D7320000303207 /* Build configuration list for PBXProject "iWontPayAnyway" */;
			compatibilityVersion = "Xcode 9.3";
			developmentRegion = en;
			hasScannedForEncodings = 0;
			knownRegions = (
				en,
				Base,
			);
			mainGroup = 656629F623D7320000303207;
			productRefGroup = 65662A0023D7320000303207 /* Products */;
			projectDirPath = "";
			projectRoot = "";
			targets = (
				656629FE23D7320000303207 /* iWontPayAnyway */,
			);
		};
/* End PBXProject section */

/* Begin PBXResourcesBuildPhase section */
		656629FD23D7320000303207 /* Resources */ = {
			isa = PBXResourcesBuildPhase;
			buildActionMask = 2147483647;
			files = (
				65662A0F23D7320300303207 /* LaunchScreen.storyboard in Resources */,
				65662A0C23D7320300303207 /* Preview Assets.xcassets in Resources */,
				65662A0923D7320300303207 /* Assets.xcassets in Resources */,
			);
			runOnlyForDeploymentPostprocessing = 0;
		};
/* End PBXResourcesBuildPhase section */

/* Begin PBXSourcesBuildPhase section */
		656629FB23D7320000303207 /* Sources */ = {
			isa = PBXSourcesBuildPhase;
			buildActionMask = 2147483647;
			files = (
				6533A02723D871C700FF822B /* ServerCell.swift in Sources */,
				656E8CB423D9C3DA00B3ED10 /* AddBillView.swift in Sources */,
				65662A1923D7322B00303207 /* Bill.swift in Sources */,
				65662A2023D7389600303207 /* ServerManager.swift in Sources */,
				65662A1B23D733B700303207 /* CospendNetworkService.swift in Sources */,
				650059FC23DDE1C300D1D599 /* Person.swift in Sources */,
				65662A0323D7320000303207 /* AppDelegate.swift in Sources */,
				6533A02B23D888B100FF822B /* BillCell.swift in Sources */,
				65662A0523D7320000303207 /* SceneDelegate.swift in Sources */,
				656E8CB623D9C88A00B3ED10 /* Project.swift in Sources */,
				65662A2223D75C5F00303207 /* OnboardingView.swift in Sources */,
				65662A2623D8546900303207 /* ServerList.swift in Sources */,
				65005A0423DE0C5C00D1D599 /* BillsList.swift in Sources */,
				65662A1D23D7353400303207 /* Server.swift in Sources */,
				65662A2423D83ED100303207 /* StorageService.swift in Sources */,
				656E8CB823D9FDA300B3ED10 /* BillListViewModel.swift in Sources */,
				65662A0723D7320000303207 /* ContentView.swift in Sources */,
				65005A0223DDFB1A00D1D599 /* WhoPaidView.swift in Sources */,
				650059FE23DDE7FE00D1D599 /* Ower.swift in Sources */,
				6533A02923D87B9D00FF822B /* BillsOverview.swift in Sources */,
			);
			runOnlyForDeploymentPostprocessing = 0;
		};
/* End PBXSourcesBuildPhase section */

/* Begin PBXVariantGroup section */
		65662A0D23D7320300303207 /* LaunchScreen.storyboard */ = {
			isa = PBXVariantGroup;
			children = (
				65662A0E23D7320300303207 /* Base */,
			);
			name = LaunchScreen.storyboard;
			sourceTree = "<group>";
		};
/* End PBXVariantGroup section */

/* Begin XCBuildConfiguration section */
		65662A1123D7320300303207 /* Debug */ = {
			isa = XCBuildConfiguration;
			buildSettings = {
				ALWAYS_SEARCH_USER_PATHS = NO;
				CLANG_ANALYZER_NONNULL = YES;
				CLANG_ANALYZER_NUMBER_OBJECT_CONVERSION = YES_AGGRESSIVE;
				CLANG_CXX_LANGUAGE_STANDARD = "gnu++14";
				CLANG_CXX_LIBRARY = "libc++";
				CLANG_ENABLE_MODULES = YES;
				CLANG_ENABLE_OBJC_ARC = YES;
				CLANG_ENABLE_OBJC_WEAK = YES;
				CLANG_WARN_BLOCK_CAPTURE_AUTORELEASING = YES;
				CLANG_WARN_BOOL_CONVERSION = YES;
				CLANG_WARN_COMMA = YES;
				CLANG_WARN_CONSTANT_CONVERSION = YES;
				CLANG_WARN_DEPRECATED_OBJC_IMPLEMENTATIONS = YES;
				CLANG_WARN_DIRECT_OBJC_ISA_USAGE = YES_ERROR;
				CLANG_WARN_DOCUMENTATION_COMMENTS = YES;
				CLANG_WARN_EMPTY_BODY = YES;
				CLANG_WARN_ENUM_CONVERSION = YES;
				CLANG_WARN_INFINITE_RECURSION = YES;
				CLANG_WARN_INT_CONVERSION = YES;
				CLANG_WARN_NON_LITERAL_NULL_CONVERSION = YES;
				CLANG_WARN_OBJC_IMPLICIT_RETAIN_SELF = YES;
				CLANG_WARN_OBJC_LITERAL_CONVERSION = YES;
				CLANG_WARN_OBJC_ROOT_CLASS = YES_ERROR;
				CLANG_WARN_RANGE_LOOP_ANALYSIS = YES;
				CLANG_WARN_STRICT_PROTOTYPES = YES;
				CLANG_WARN_SUSPICIOUS_MOVE = YES;
				CLANG_WARN_UNGUARDED_AVAILABILITY = YES_AGGRESSIVE;
				CLANG_WARN_UNREACHABLE_CODE = YES;
				CLANG_WARN__DUPLICATE_METHOD_MATCH = YES;
				COPY_PHASE_STRIP = NO;
				DEBUG_INFORMATION_FORMAT = dwarf;
				ENABLE_STRICT_OBJC_MSGSEND = YES;
				ENABLE_TESTABILITY = YES;
				GCC_C_LANGUAGE_STANDARD = gnu11;
				GCC_DYNAMIC_NO_PIC = NO;
				GCC_NO_COMMON_BLOCKS = YES;
				GCC_OPTIMIZATION_LEVEL = 0;
				GCC_PREPROCESSOR_DEFINITIONS = (
					"DEBUG=1",
					"$(inherited)",
				);
				GCC_WARN_64_TO_32_BIT_CONVERSION = YES;
				GCC_WARN_ABOUT_RETURN_TYPE = YES_ERROR;
				GCC_WARN_UNDECLARED_SELECTOR = YES;
				GCC_WARN_UNINITIALIZED_AUTOS = YES_AGGRESSIVE;
				GCC_WARN_UNUSED_FUNCTION = YES;
				GCC_WARN_UNUSED_VARIABLE = YES;
				IPHONEOS_DEPLOYMENT_TARGET = 13.2;
				MTL_ENABLE_DEBUG_INFO = INCLUDE_SOURCE;
				MTL_FAST_MATH = YES;
				ONLY_ACTIVE_ARCH = YES;
				SDKROOT = iphoneos;
				SWIFT_ACTIVE_COMPILATION_CONDITIONS = DEBUG;
				SWIFT_OPTIMIZATION_LEVEL = "-Onone";
			};
			name = Debug;
		};
		65662A1223D7320300303207 /* Release */ = {
			isa = XCBuildConfiguration;
			buildSettings = {
				ALWAYS_SEARCH_USER_PATHS = NO;
				CLANG_ANALYZER_NONNULL = YES;
				CLANG_ANALYZER_NUMBER_OBJECT_CONVERSION = YES_AGGRESSIVE;
				CLANG_CXX_LANGUAGE_STANDARD = "gnu++14";
				CLANG_CXX_LIBRARY = "libc++";
				CLANG_ENABLE_MODULES = YES;
				CLANG_ENABLE_OBJC_ARC = YES;
				CLANG_ENABLE_OBJC_WEAK = YES;
				CLANG_WARN_BLOCK_CAPTURE_AUTORELEASING = YES;
				CLANG_WARN_BOOL_CONVERSION = YES;
				CLANG_WARN_COMMA = YES;
				CLANG_WARN_CONSTANT_CONVERSION = YES;
				CLANG_WARN_DEPRECATED_OBJC_IMPLEMENTATIONS = YES;
				CLANG_WARN_DIRECT_OBJC_ISA_USAGE = YES_ERROR;
				CLANG_WARN_DOCUMENTATION_COMMENTS = YES;
				CLANG_WARN_EMPTY_BODY = YES;
				CLANG_WARN_ENUM_CONVERSION = YES;
				CLANG_WARN_INFINITE_RECURSION = YES;
				CLANG_WARN_INT_CONVERSION = YES;
				CLANG_WARN_NON_LITERAL_NULL_CONVERSION = YES;
				CLANG_WARN_OBJC_IMPLICIT_RETAIN_SELF = YES;
				CLANG_WARN_OBJC_LITERAL_CONVERSION = YES;
				CLANG_WARN_OBJC_ROOT_CLASS = YES_ERROR;
				CLANG_WARN_RANGE_LOOP_ANALYSIS = YES;
				CLANG_WARN_STRICT_PROTOTYPES = YES;
				CLANG_WARN_SUSPICIOUS_MOVE = YES;
				CLANG_WARN_UNGUARDED_AVAILABILITY = YES_AGGRESSIVE;
				CLANG_WARN_UNREACHABLE_CODE = YES;
				CLANG_WARN__DUPLICATE_METHOD_MATCH = YES;
				COPY_PHASE_STRIP = NO;
				DEBUG_INFORMATION_FORMAT = "dwarf-with-dsym";
				ENABLE_NS_ASSERTIONS = NO;
				ENABLE_STRICT_OBJC_MSGSEND = YES;
				GCC_C_LANGUAGE_STANDARD = gnu11;
				GCC_NO_COMMON_BLOCKS = YES;
				GCC_WARN_64_TO_32_BIT_CONVERSION = YES;
				GCC_WARN_ABOUT_RETURN_TYPE = YES_ERROR;
				GCC_WARN_UNDECLARED_SELECTOR = YES;
				GCC_WARN_UNINITIALIZED_AUTOS = YES_AGGRESSIVE;
				GCC_WARN_UNUSED_FUNCTION = YES;
				GCC_WARN_UNUSED_VARIABLE = YES;
				IPHONEOS_DEPLOYMENT_TARGET = 13.2;
				MTL_ENABLE_DEBUG_INFO = NO;
				MTL_FAST_MATH = YES;
				SDKROOT = iphoneos;
				SWIFT_COMPILATION_MODE = wholemodule;
				SWIFT_OPTIMIZATION_LEVEL = "-O";
				VALIDATE_PRODUCT = YES;
			};
			name = Release;
		};
		65662A1423D7320300303207 /* Debug */ = {
			isa = XCBuildConfiguration;
			buildSettings = {
				ASSETCATALOG_COMPILER_APPICON_NAME = AppIcon;
				CODE_SIGN_STYLE = Automatic;
				CURRENT_PROJECT_VERSION = 10;
				DEVELOPMENT_ASSET_PATHS = "\"iWontPayAnyway/Preview Content\"";
				DEVELOPMENT_TEAM = L79BTFY6FV;
				ENABLE_PREVIEWS = YES;
				INFOPLIST_FILE = iWontPayAnyway/Info.plist;
				LD_RUNPATH_SEARCH_PATHS = (
					"$(inherited)",
					"@executable_path/Frameworks",
				);
				MARKETING_VERSION = 1.2;
				PRODUCT_BUNDLE_IDENTIFIER = de.mayflower.iWontPayAnyway;
				PRODUCT_NAME = iWontPayAnyway;
				SWIFT_VERSION = 5.0;
				TARGETED_DEVICE_FAMILY = 1;
			};
			name = Debug;
		};
		65662A1523D7320300303207 /* Release */ = {
			isa = XCBuildConfiguration;
			buildSettings = {
				ASSETCATALOG_COMPILER_APPICON_NAME = AppIcon;
				CODE_SIGN_STYLE = Automatic;
				CURRENT_PROJECT_VERSION = 10;
				DEVELOPMENT_ASSET_PATHS = "\"iWontPayAnyway/Preview Content\"";
				DEVELOPMENT_TEAM = L79BTFY6FV;
				ENABLE_PREVIEWS = YES;
				INFOPLIST_FILE = iWontPayAnyway/Info.plist;
				LD_RUNPATH_SEARCH_PATHS = (
					"$(inherited)",
					"@executable_path/Frameworks",
				);
				MARKETING_VERSION = 1.2;
				PRODUCT_BUNDLE_IDENTIFIER = de.mayflower.iWontPayAnyway;
				PRODUCT_NAME = iWontPayAnyway;
				SWIFT_VERSION = 5.0;
				TARGETED_DEVICE_FAMILY = 1;
			};
			name = Release;
		};
/* End XCBuildConfiguration section */

/* Begin XCConfigurationList section */
		656629FA23D7320000303207 /* Build configuration list for PBXProject "iWontPayAnyway" */ = {
			isa = XCConfigurationList;
			buildConfigurations = (
				65662A1123D7320300303207 /* Debug */,
				65662A1223D7320300303207 /* Release */,
			);
			defaultConfigurationIsVisible = 0;
			defaultConfigurationName = Release;
		};
		65662A1323D7320300303207 /* Build configuration list for PBXNativeTarget "iWontPayAnyway" */ = {
			isa = XCConfigurationList;
			buildConfigurations = (
				65662A1423D7320300303207 /* Debug */,
				65662A1523D7320300303207 /* Release */,
			);
			defaultConfigurationIsVisible = 0;
			defaultConfigurationName = Release;
		};
/* End XCConfigurationList section */
	};
	rootObject = 656629F723D7320000303207 /* Project object */;
}
